
Microsoft Visual Studio Solution File, Format Version 12.00
# Visual Studio Version 17
VisualStudioVersion = 17.3.32929.385
MinimumVisualStudioVersion = 10.0.40219.1
Project("{FAE04EC0-301F-11D3-BF4B-00C04F79EFBC}") = "GreetingConsoleApp", "GreetingConsoleApp\GreetingConsoleApp.csproj", "{28F059C6-B10F-450B-9006-4405AE9B435E}"
EndProject
Global
	GlobalSection(SolutionConfigurationPlatforms) = preSolution
		Debug|Any CPU = Debug|Any CPU
		Release|Any CPU = Release|Any CPU
	EndGlobalSection
	GlobalSection(ProjectConfigurationPlatforms) = postSolution
		{28F059C6-B10F-450B-9006-4405AE9B435E}.Debug|Any CPU.ActiveCfg = Debug|Any CPU
		{28F059C6-B10F-450B-9006-4405AE9B435E}.Debug|Any CPU.Build.0 = Debug|Any CPU
		{28F059C6-B10F-450B-9006-4405AE9B435E}.Release|Any CPU.ActiveCfg = Release|Any CPU
		{28F059C6-B10F-450B-9006-4405AE9B435E}.Release|Any CPU.Build.0 = Release|Any CPU
	EndGlobalSection
	GlobalSection(SolutionProperties) = preSolution
		HideSolutionNode = FALSE
	EndGlobalSection
	GlobalSection(ExtensibilityGlobals) = postSolution
		SolutionGuid = {DF061007-D5F5-47D7-BCE5-D178EE66EE1C}
	EndGlobalSection
EndGlobal
